// !$*UTF8*$!
{
	archiveVersion = 1;
	classes = {
	};
	objectVersion = 46;
	objects = {

/* Begin PBXBuildFile section */
		6937F8654CAE33AFB4691BC4 /* Pods_Tubora_UsersList.framework in Frameworks */ = {isa = PBXBuildFile; fileRef = 52796EA1A910DF9B4FACFDDA /* Pods_Tubora_UsersList.framework */; };
		8B1ED4761D91DEEA00E64C99 /* SearchSectionHeaderView.xib in Resources */ = {isa = PBXBuildFile; fileRef = 8B1ED4751D91DEEA00E64C99 /* SearchSectionHeaderView.xib */; };
		8B1ED4791D91DF4600E64C99 /* SearchSectionHeaderView.swift in Sources */ = {isa = PBXBuildFile; fileRef = 8B1ED4781D91DF4600E64C99 /* SearchSectionHeaderView.swift */; };
		8B1ED47B1D92652E00E64C99 /* UserInfoTableViewController.swift in Sources */ = {isa = PBXBuildFile; fileRef = 8B1ED47A1D92652E00E64C99 /* UserInfoTableViewController.swift */; };
		8B1ED47F1D9268A800E64C99 /* UserInfoCell.swift in Sources */ = {isa = PBXBuildFile; fileRef = 8B1ED47E1D9268A800E64C99 /* UserInfoCell.swift */; };
		8B1ED4811D92705900E64C99 /* UserInfoController.swift in Sources */ = {isa = PBXBuildFile; fileRef = 8B1ED4801D92705900E64C99 /* UserInfoController.swift */; };
		8B77EBD31D918BFB00ED066A /* AppDelegate.swift in Sources */ = {isa = PBXBuildFile; fileRef = 8B77EBD21D918BFB00ED066A /* AppDelegate.swift */; };
		8B77EBD51D918BFB00ED066A /* UsersListViewController.swift in Sources */ = {isa = PBXBuildFile; fileRef = 8B77EBD41D918BFB00ED066A /* UsersListViewController.swift */; };
		8B77EBD81D918BFB00ED066A /* Main.storyboard in Resources */ = {isa = PBXBuildFile; fileRef = 8B77EBD61D918BFB00ED066A /* Main.storyboard */; };
		8B77EBDB1D918BFB00ED066A /* Tubora_UsersList.xcdatamodeld in Sources */ = {isa = PBXBuildFile; fileRef = 8B77EBD91D918BFB00ED066A /* Tubora_UsersList.xcdatamodeld */; };
		8B77EBDD1D918BFB00ED066A /* Assets.xcassets in Resources */ = {isa = PBXBuildFile; fileRef = 8B77EBDC1D918BFB00ED066A /* Assets.xcassets */; };
		8B77EBE01D918BFB00ED066A /* LaunchScreen.storyboard in Resources */ = {isa = PBXBuildFile; fileRef = 8B77EBDE1D918BFB00ED066A /* LaunchScreen.storyboard */; };
		8B77EBEB1D918BFB00ED066A /* Tubora_UsersListTests.swift in Sources */ = {isa = PBXBuildFile; fileRef = 8B77EBEA1D918BFB00ED066A /* Tubora_UsersListTests.swift */; };
		8B77EBFC1D918F3C00ED066A /* usersCell.xib in Resources */ = {isa = PBXBuildFile; fileRef = 8B77EBFB1D918F3C00ED066A /* usersCell.xib */; };
		8B77EBFF1D91935200ED066A /* Users.swift in Sources */ = {isa = PBXBuildFile; fileRef = 8B77EBFE1D91935200ED066A /* Users.swift */; };
		8B77EC011D91938800ED066A /* JSONDecodable.swift in Sources */ = {isa = PBXBuildFile; fileRef = 8B77EC001D91938800ED066A /* JSONDecodable.swift */; };
		8B77EC041D91954A00ED066A /* Users.json in Resources */ = {isa = PBXBuildFile; fileRef = 8B77EC031D91954A00ED066A /* Users.json */; };
		8B77EC061D91957700ED066A /* UsersList.swift in Sources */ = {isa = PBXBuildFile; fileRef = 8B77EC051D91957700ED066A /* UsersList.swift */; };
		8B77EC081D919AC500ED066A /* UsersListController.swift in Sources */ = {isa = PBXBuildFile; fileRef = 8B77EC071D919AC500ED066A /* UsersListController.swift */; };
		8B77EC0B1D919EE400ED066A /* SearchFilterEnum.swift in Sources */ = {isa = PBXBuildFile; fileRef = 8B77EC0A1D919EE400ED066A /* SearchFilterEnum.swift */; };
		8B77EC0D1D91A44100ED066A /* UsersCell.swift in Sources */ = {isa = PBXBuildFile; fileRef = 8B77EC0C1D91A44100ED066A /* UsersCell.swift */; };
		8B77EC0F1D91AB4200ED066A /* FiltersListViewController.swift in Sources */ = {isa = PBXBuildFile; fileRef = 8B77EC0E1D91AB4200ED066A /* FiltersListViewController.swift */; };
		8B77EC111D91AD5900ED066A /* FiltersListController.swift in Sources */ = {isa = PBXBuildFile; fileRef = 8B77EC101D91AD5900ED066A /* FiltersListController.swift */; };
		A25633711B7A95185ED1ED42 /* Pods_Tubora_UsersListTests.framework in Frameworks */ = {isa = PBXBuildFile; fileRef = 5F4D7DD4D5E6E59C374DFAD2 /* Pods_Tubora_UsersListTests.framework */; };
/* End PBXBuildFile section */

/* Begin PBXContainerItemProxy section */
		8B77EBE71D918BFB00ED066A /* PBXContainerItemProxy */ = {
			isa = PBXContainerItemProxy;
			containerPortal = 8B77EBC71D918BFB00ED066A /* Project object */;
			proxyType = 1;
			remoteGlobalIDString = 8B77EBCE1D918BFB00ED066A;
			remoteInfo = Tubora_UsersList;
		};
/* End PBXContainerItemProxy section */

/* Begin PBXFileReference section */
		47354A9E945E22359EF003F5 /* Pods-Tubora_UsersListTests.debug.xcconfig */ = {isa = PBXFileReference; includeInIndex = 1; lastKnownFileType = text.xcconfig; name = "Pods-Tubora_UsersListTests.debug.xcconfig"; path = "Pods/Target Support Files/Pods-Tubora_UsersListTests/Pods-Tubora_UsersListTests.debug.xcconfig"; sourceTree = "<group>"; };
		52796EA1A910DF9B4FACFDDA /* Pods_Tubora_UsersList.framework */ = {isa = PBXFileReference; explicitFileType = wrapper.framework; includeInIndex = 0; path = Pods_Tubora_UsersList.framework; sourceTree = BUILT_PRODUCTS_DIR; };
		5F4D7DD4D5E6E59C374DFAD2 /* Pods_Tubora_UsersListTests.framework */ = {isa = PBXFileReference; explicitFileType = wrapper.framework; includeInIndex = 0; path = Pods_Tubora_UsersListTests.framework; sourceTree = BUILT_PRODUCTS_DIR; };
		8B1ED4751D91DEEA00E64C99 /* SearchSectionHeaderView.xib */ = {isa = PBXFileReference; fileEncoding = 4; lastKnownFileType = file.xib; path = SearchSectionHeaderView.xib; sourceTree = "<group>"; };
		8B1ED4781D91DF4600E64C99 /* SearchSectionHeaderView.swift */ = {isa = PBXFileReference; fileEncoding = 4; lastKnownFileType = sourcecode.swift; path = SearchSectionHeaderView.swift; sourceTree = "<group>"; };
		8B1ED47A1D92652E00E64C99 /* UserInfoTableViewController.swift */ = {isa = PBXFileReference; fileEncoding = 4; lastKnownFileType = sourcecode.swift; path = UserInfoTableViewController.swift; sourceTree = "<group>"; };
		8B1ED47E1D9268A800E64C99 /* UserInfoCell.swift */ = {isa = PBXFileReference; fileEncoding = 4; lastKnownFileType = sourcecode.swift; path = UserInfoCell.swift; sourceTree = "<group>"; };
		8B1ED4801D92705900E64C99 /* UserInfoController.swift */ = {isa = PBXFileReference; fileEncoding = 4; lastKnownFileType = sourcecode.swift; path = UserInfoController.swift; sourceTree = "<group>"; };
		8B77EBCF1D918BFB00ED066A /* Tubora_UsersList.app */ = {isa = PBXFileReference; explicitFileType = wrapper.application; includeInIndex = 0; path = Tubora_UsersList.app; sourceTree = BUILT_PRODUCTS_DIR; };
		8B77EBD21D918BFB00ED066A /* AppDelegate.swift */ = {isa = PBXFileReference; lastKnownFileType = sourcecode.swift; path = AppDelegate.swift; sourceTree = "<group>"; };
		8B77EBD41D918BFB00ED066A /* UsersListViewController.swift */ = {isa = PBXFileReference; lastKnownFileType = sourcecode.swift; path = UsersListViewController.swift; sourceTree = "<group>"; };
		8B77EBD71D918BFB00ED066A /* Base */ = {isa = PBXFileReference; lastKnownFileType = file.storyboard; name = Base; path = Base.lproj/Main.storyboard; sourceTree = "<group>"; };
		8B77EBDA1D918BFB00ED066A /* Tubora_UsersList.xcdatamodel */ = {isa = PBXFileReference; lastKnownFileType = wrapper.xcdatamodel; path = Tubora_UsersList.xcdatamodel; sourceTree = "<group>"; };
		8B77EBDC1D918BFB00ED066A /* Assets.xcassets */ = {isa = PBXFileReference; lastKnownFileType = folder.assetcatalog; path = Assets.xcassets; sourceTree = "<group>"; };
		8B77EBDF1D918BFB00ED066A /* Base */ = {isa = PBXFileReference; lastKnownFileType = file.storyboard; name = Base; path = Base.lproj/LaunchScreen.storyboard; sourceTree = "<group>"; };
		8B77EBE11D918BFB00ED066A /* Info.plist */ = {isa = PBXFileReference; lastKnownFileType = text.plist.xml; path = Info.plist; sourceTree = "<group>"; };
		8B77EBE61D918BFB00ED066A /* Tubora_UsersListTests.xctest */ = {isa = PBXFileReference; explicitFileType = wrapper.cfbundle; includeInIndex = 0; path = Tubora_UsersListTests.xctest; sourceTree = BUILT_PRODUCTS_DIR; };
		8B77EBEA1D918BFB00ED066A /* Tubora_UsersListTests.swift */ = {isa = PBXFileReference; lastKnownFileType = sourcecode.swift; path = Tubora_UsersListTests.swift; sourceTree = "<group>"; };
		8B77EBEC1D918BFB00ED066A /* Info.plist */ = {isa = PBXFileReference; lastKnownFileType = text.plist.xml; path = Info.plist; sourceTree = "<group>"; };
		8B77EBFB1D918F3C00ED066A /* usersCell.xib */ = {isa = PBXFileReference; fileEncoding = 4; lastKnownFileType = file.xib; path = usersCell.xib; sourceTree = "<group>"; };
		8B77EBFE1D91935200ED066A /* Users.swift */ = {isa = PBXFileReference; fileEncoding = 4; lastKnownFileType = sourcecode.swift; path = Users.swift; sourceTree = "<group>"; };
		8B77EC001D91938800ED066A /* JSONDecodable.swift */ = {isa = PBXFileReference; fileEncoding = 4; lastKnownFileType = sourcecode.swift; path = JSONDecodable.swift; sourceTree = "<group>"; };
		8B77EC031D91954A00ED066A /* Users.json */ = {isa = PBXFileReference; fileEncoding = 4; lastKnownFileType = text.json; path = Users.json; sourceTree = "<group>"; };
		8B77EC051D91957700ED066A /* UsersList.swift */ = {isa = PBXFileReference; fileEncoding = 4; lastKnownFileType = sourcecode.swift; path = UsersList.swift; sourceTree = "<group>"; };
		8B77EC071D919AC500ED066A /* UsersListController.swift */ = {isa = PBXFileReference; fileEncoding = 4; lastKnownFileType = sourcecode.swift; path = UsersListController.swift; sourceTree = "<group>"; };
		8B77EC0A1D919EE400ED066A /* SearchFilterEnum.swift */ = {isa = PBXFileReference; fileEncoding = 4; lastKnownFileType = sourcecode.swift; path = SearchFilterEnum.swift; sourceTree = "<group>"; };
		8B77EC0C1D91A44100ED066A /* UsersCell.swift */ = {isa = PBXFileReference; fileEncoding = 4; lastKnownFileType = sourcecode.swift; path = UsersCell.swift; sourceTree = "<group>"; };
		8B77EC0E1D91AB4200ED066A /* FiltersListViewController.swift */ = {isa = PBXFileReference; fileEncoding = 4; lastKnownFileType = sourcecode.swift; path = FiltersListViewController.swift; sourceTree = "<group>"; };
		8B77EC101D91AD5900ED066A /* FiltersListController.swift */ = {isa = PBXFileReference; fileEncoding = 4; lastKnownFileType = sourcecode.swift; path = FiltersListController.swift; sourceTree = "<group>"; };
		B9E09B58A8F93B3417BDEA26 /* Pods-Tubora_UsersListTests.release.xcconfig */ = {isa = PBXFileReference; includeInIndex = 1; lastKnownFileType = text.xcconfig; name = "Pods-Tubora_UsersListTests.release.xcconfig"; path = "Pods/Target Support Files/Pods-Tubora_UsersListTests/Pods-Tubora_UsersListTests.release.xcconfig"; sourceTree = "<group>"; };
		C185F585C405C04172AAF88F /* Pods-Tubora_UsersList.debug.xcconfig */ = {isa = PBXFileReference; includeInIndex = 1; lastKnownFileType = text.xcconfig; name = "Pods-Tubora_UsersList.debug.xcconfig"; path = "Pods/Target Support Files/Pods-Tubora_UsersList/Pods-Tubora_UsersList.debug.xcconfig"; sourceTree = "<group>"; };
		C9FF60E79A6BAD143422A401 /* Pods-Tubora_UsersList.release.xcconfig */ = {isa = PBXFileReference; includeInIndex = 1; lastKnownFileType = text.xcconfig; name = "Pods-Tubora_UsersList.release.xcconfig"; path = "Pods/Target Support Files/Pods-Tubora_UsersList/Pods-Tubora_UsersList.release.xcconfig"; sourceTree = "<group>"; };
/* End PBXFileReference section */

/* Begin PBXFrameworksBuildPhase section */
		8B77EBCC1D918BFB00ED066A /* Frameworks */ = {
			isa = PBXFrameworksBuildPhase;
			buildActionMask = 2147483647;
			files = (
				6937F8654CAE33AFB4691BC4 /* Pods_Tubora_UsersList.framework in Frameworks */,
			);
			runOnlyForDeploymentPostprocessing = 0;
		};
		8B77EBE31D918BFB00ED066A /* Frameworks */ = {
			isa = PBXFrameworksBuildPhase;
			buildActionMask = 2147483647;
			files = (
				A25633711B7A95185ED1ED42 /* Pods_Tubora_UsersListTests.framework in Frameworks */,
			);
			runOnlyForDeploymentPostprocessing = 0;
		};
/* End PBXFrameworksBuildPhase section */

/* Begin PBXGroup section */
		2FD30C13AD4D3EB8DE6EBE32 /* Pods */ = {
			isa = PBXGroup;
			children = (
				C185F585C405C04172AAF88F /* Pods-Tubora_UsersList.debug.xcconfig */,
				C9FF60E79A6BAD143422A401 /* Pods-Tubora_UsersList.release.xcconfig */,
				47354A9E945E22359EF003F5 /* Pods-Tubora_UsersListTests.debug.xcconfig */,
				B9E09B58A8F93B3417BDEA26 /* Pods-Tubora_UsersListTests.release.xcconfig */,
			);
			name = Pods;
			sourceTree = "<group>";
		};
		88E9CA54272FDFD20BFD672D /* Frameworks */ = {
			isa = PBXGroup;
			children = (
				52796EA1A910DF9B4FACFDDA /* Pods_Tubora_UsersList.framework */,
				5F4D7DD4D5E6E59C374DFAD2 /* Pods_Tubora_UsersListTests.framework */,
			);
			name = Frameworks;
			sourceTree = "<group>";
		};
		8B1ED4771D91DF2200E64C99 /* Xib */ = {
			isa = PBXGroup;
			children = (
				8B77EBFB1D918F3C00ED066A /* usersCell.xib */,
				8B1ED4751D91DEEA00E64C99 /* SearchSectionHeaderView.xib */,
			);
			name = Xib;
			sourceTree = "<group>";
		};
		8B77EBC61D918BFB00ED066A = {
			isa = PBXGroup;
			children = (
				8B77EBD11D918BFB00ED066A /* Tubora_UsersList */,
				8B77EBE91D918BFB00ED066A /* Tubora_UsersListTests */,
				8B77EBD01D918BFB00ED066A /* Products */,
				2FD30C13AD4D3EB8DE6EBE32 /* Pods */,
				88E9CA54272FDFD20BFD672D /* Frameworks */,
			);
			sourceTree = "<group>";
		};
		8B77EBD01D918BFB00ED066A /* Products */ = {
			isa = PBXGroup;
			children = (
				8B77EBCF1D918BFB00ED066A /* Tubora_UsersList.app */,
				8B77EBE61D918BFB00ED066A /* Tubora_UsersListTests.xctest */,
			);
			name = Products;
			sourceTree = "<group>";
		};
		8B77EBD11D918BFB00ED066A /* Tubora_UsersList */ = {
			isa = PBXGroup;
			children = (
				8B77EC021D91953B00ED066A /* DataSource */,
				8B77EBFD1D91934100ED066A /* DataModels */,
				8B77EBF81D918EF400ED066A /* Views */,
				8B77EBF71D918E3800ED066A /* StoryBoards */,
				8B77EBF61D918E2A00ED066A /* Controller */,
				8B77EBF51D918E1D00ED066A /* ViewController */,
				8B77EBD21D918BFB00ED066A /* AppDelegate.swift */,
				8B77EBDC1D918BFB00ED066A /* Assets.xcassets */,
				8B77EBDE1D918BFB00ED066A /* LaunchScreen.storyboard */,
				8B77EBE11D918BFB00ED066A /* Info.plist */,
				8B77EBD91D918BFB00ED066A /* Tubora_UsersList.xcdatamodeld */,
			);
			path = Tubora_UsersList;
			sourceTree = "<group>";
		};
		8B77EBE91D918BFB00ED066A /* Tubora_UsersListTests */ = {
			isa = PBXGroup;
			children = (
				8B77EBEA1D918BFB00ED066A /* Tubora_UsersListTests.swift */,
				8B77EBEC1D918BFB00ED066A /* Info.plist */,
			);
			path = Tubora_UsersListTests;
			sourceTree = "<group>";
		};
		8B77EBF51D918E1D00ED066A /* ViewController */ = {
			isa = PBXGroup;
			children = (
				8B1ED47A1D92652E00E64C99 /* UserInfoTableViewController.swift */,
				8B77EBD41D918BFB00ED066A /* UsersListViewController.swift */,
				8B77EC0E1D91AB4200ED066A /* FiltersListViewController.swift */,
			);
			name = ViewController;
			sourceTree = "<group>";
		};
		8B77EBF61D918E2A00ED066A /* Controller */ = {
			isa = PBXGroup;
			children = (
				8B77EC071D919AC500ED066A /* UsersListController.swift */,
				8B77EC101D91AD5900ED066A /* FiltersListController.swift */,
				8B1ED4801D92705900E64C99 /* UserInfoController.swift */,
			);
			name = Controller;
			sourceTree = "<group>";
		};
		8B77EBF71D918E3800ED066A /* StoryBoards */ = {
			isa = PBXGroup;
			children = (
				8B77EBD61D918BFB00ED066A /* Main.storyboard */,
			);
			name = StoryBoards;
			sourceTree = "<group>";
		};
		8B77EBF81D918EF400ED066A /* Views */ = {
			isa = PBXGroup;
			children = (
				8B1ED4771D91DF2200E64C99 /* Xib */,
				8B77EC0C1D91A44100ED066A /* UsersCell.swift */,
				8B1ED4781D91DF4600E64C99 /* SearchSectionHeaderView.swift */,
				8B1ED47E1D9268A800E64C99 /* UserInfoCell.swift */,
			);
			name = Views;
			sourceTree = "<group>";
		};
		8B77EBFD1D91934100ED066A /* DataModels */ = {
			isa = PBXGroup;
			children = (
				8B77EBFE1D91935200ED066A /* Users.swift */,
				8B77EC001D91938800ED066A /* JSONDecodable.swift */,
				8B77EC0A1D919EE400ED066A /* SearchFilterEnum.swift */,
			);
			name = DataModels;
			sourceTree = "<group>";
		};
		8B77EC021D91953B00ED066A /* DataSource */ = {
			isa = PBXGroup;
			children = (
				8B77EC031D91954A00ED066A /* Users.json */,
				8B77EC051D91957700ED066A /* UsersList.swift */,
			);
			name = DataSource;
			sourceTree = "<group>";
		};
/* End PBXGroup section */

/* Begin PBXNativeTarget section */
		8B77EBCE1D918BFB00ED066A /* Tubora_UsersList */ = {
			isa = PBXNativeTarget;
			buildConfigurationList = 8B77EBEF1D918BFB00ED066A /* Build configuration list for PBXNativeTarget "Tubora_UsersList" */;
			buildPhases = (
				B22D47530E0F22522C6E35B8 /* [CP] Check Pods Manifest.lock */,
				8B77EBCB1D918BFB00ED066A /* Sources */,
				8B77EBCC1D918BFB00ED066A /* Frameworks */,
				8B77EBCD1D918BFB00ED066A /* Resources */,
				56A327BF069BC49DD37F450C /* [CP] Embed Pods Frameworks */,
				8B2D743B2299BED7AA91C5F3 /* [CP] Copy Pods Resources */,
			);
			buildRules = (
			);
			dependencies = (
			);
			name = Tubora_UsersList;
			productName = Tubora_UsersList;
			productReference = 8B77EBCF1D918BFB00ED066A /* Tubora_UsersList.app */;
			productType = "com.apple.product-type.application";
		};
		8B77EBE51D918BFB00ED066A /* Tubora_UsersListTests */ = {
			isa = PBXNativeTarget;
			buildConfigurationList = 8B77EBF21D918BFB00ED066A /* Build configuration list for PBXNativeTarget "Tubora_UsersListTests" */;
			buildPhases = (
				F191FA691DE82B0089206FA9 /* [CP] Check Pods Manifest.lock */,
				8B77EBE21D918BFB00ED066A /* Sources */,
				8B77EBE31D918BFB00ED066A /* Frameworks */,
				8B77EBE41D918BFB00ED066A /* Resources */,
				C7904B5C698F11A98633902E /* [CP] Embed Pods Frameworks */,
				6F0BC3F2777C4C70650D35B3 /* [CP] Copy Pods Resources */,
			);
			buildRules = (
			);
			dependencies = (
				8B77EBE81D918BFB00ED066A /* PBXTargetDependency */,
			);
			name = Tubora_UsersListTests;
			productName = Tubora_UsersListTests;
			productReference = 8B77EBE61D918BFB00ED066A /* Tubora_UsersListTests.xctest */;
			productType = "com.apple.product-type.bundle.unit-test";
		};
/* End PBXNativeTarget section */

/* Begin PBXProject section */
		8B77EBC71D918BFB00ED066A /* Project object */ = {
			isa = PBXProject;
			attributes = {
				LastSwiftUpdateCheck = 0730;
				LastUpgradeCheck = 0730;
				ORGANIZATIONNAME = tubora;
				TargetAttributes = {
					8B77EBCE1D918BFB00ED066A = {
						CreatedOnToolsVersion = 7.3.1;
						DevelopmentTeam = 36P22G9VTC;
					};
					8B77EBE51D918BFB00ED066A = {
						CreatedOnToolsVersion = 7.3.1;
						DevelopmentTeam = 36P22G9VTC;
						TestTargetID = 8B77EBCE1D918BFB00ED066A;
					};
				};
			};
			buildConfigurationList = 8B77EBCA1D918BFB00ED066A /* Build configuration list for PBXProject "Tubora_UsersList" */;
			compatibilityVersion = "Xcode 3.2";
			developmentRegion = English;
			hasScannedForEncodings = 0;
			knownRegions = (
				en,
				Base,
			);
			mainGroup = 8B77EBC61D918BFB00ED066A;
			productRefGroup = 8B77EBD01D918BFB00ED066A /* Products */;
			projectDirPath = "";
			projectRoot = "";
			targets = (
				8B77EBCE1D918BFB00ED066A /* Tubora_UsersList */,
				8B77EBE51D918BFB00ED066A /* Tubora_UsersListTests */,
			);
		};
/* End PBXProject section */

/* Begin PBXResourcesBuildPhase section */
		8B77EBCD1D918BFB00ED066A /* Resources */ = {
			isa = PBXResourcesBuildPhase;
			buildActionMask = 2147483647;
			files = (
				8B77EBFC1D918F3C00ED066A /* usersCell.xib in Resources */,
				8B77EBE01D918BFB00ED066A /* LaunchScreen.storyboard in Resources */,
				8B77EBDD1D918BFB00ED066A /* Assets.xcassets in Resources */,
				8B1ED4761D91DEEA00E64C99 /* SearchSectionHeaderView.xib in Resources */,
				8B77EC041D91954A00ED066A /* Users.json in Resources */,
				8B77EBD81D918BFB00ED066A /* Main.storyboard in Resources */,
			);
			runOnlyForDeploymentPostprocessing = 0;
		};
		8B77EBE41D918BFB00ED066A /* Resources */ = {
			isa = PBXResourcesBuildPhase;
			buildActionMask = 2147483647;
			files = (
			);
			runOnlyForDeploymentPostprocessing = 0;
		};
/* End PBXResourcesBuildPhase section */

/* Begin PBXShellScriptBuildPhase section */
		56A327BF069BC49DD37F450C /* [CP] Embed Pods Frameworks */ = {
			isa = PBXShellScriptBuildPhase;
			buildActionMask = 2147483647;
			files = (
			);
			inputPaths = (
			);
			name = "[CP] Embed Pods Frameworks";
			outputPaths = (
			);
			runOnlyForDeploymentPostprocessing = 0;
			shellPath = /bin/sh;
			shellScript = "\"${SRCROOT}/Pods/Target Support Files/Pods-Tubora_UsersList/Pods-Tubora_UsersList-frameworks.sh\"\n";
			showEnvVarsInLog = 0;
		};
		6F0BC3F2777C4C70650D35B3 /* [CP] Copy Pods Resources */ = {
			isa = PBXShellScriptBuildPhase;
			buildActionMask = 2147483647;
			files = (
			);
			inputPaths = (
			);
			name = "[CP] Copy Pods Resources";
			outputPaths = (
			);
			runOnlyForDeploymentPostprocessing = 0;
			shellPath = /bin/sh;
			shellScript = "\"${SRCROOT}/Pods/Target Support Files/Pods-Tubora_UsersListTests/Pods-Tubora_UsersListTests-resources.sh\"\n";
			showEnvVarsInLog = 0;
		};
		8B2D743B2299BED7AA91C5F3 /* [CP] Copy Pods Resources */ = {
			isa = PBXShellScriptBuildPhase;
			buildActionMask = 2147483647;
			files = (
			);
			inputPaths = (
			);
			name = "[CP] Copy Pods Resources";
			outputPaths = (
			);
			runOnlyForDeploymentPostprocessing = 0;
			shellPath = /bin/sh;
			shellScript = "\"${SRCROOT}/Pods/Target Support Files/Pods-Tubora_UsersList/Pods-Tubora_UsersList-resources.sh\"\n";
			showEnvVarsInLog = 0;
		};
		B22D47530E0F22522C6E35B8 /* [CP] Check Pods Manifest.lock */ = {
			isa = PBXShellScriptBuildPhase;
			buildActionMask = 2147483647;
			files = (
			);
			inputPaths = (
			);
			name = "[CP] Check Pods Manifest.lock";
			outputPaths = (
			);
			runOnlyForDeploymentPostprocessing = 0;
			shellPath = /bin/sh;
			shellScript = "diff \"${PODS_ROOT}/../Podfile.lock\" \"${PODS_ROOT}/Manifest.lock\" > /dev/null\nif [[ $? != 0 ]] ; then\n    cat << EOM\nerror: The sandbox is not in sync with the Podfile.lock. Run 'pod install' or update your CocoaPods installation.\nEOM\n    exit 1\nfi\n";
			showEnvVarsInLog = 0;
		};
		C7904B5C698F11A98633902E /* [CP] Embed Pods Frameworks */ = {
			isa = PBXShellScriptBuildPhase;
			buildActionMask = 2147483647;
			files = (
			);
			inputPaths = (
			);
			name = "[CP] Embed Pods Frameworks";
			outputPaths = (
			);
			runOnlyForDeploymentPostprocessing = 0;
			shellPath = /bin/sh;
			shellScript = "\"${SRCROOT}/Pods/Target Support Files/Pods-Tubora_UsersListTests/Pods-Tubora_UsersListTests-frameworks.sh\"\n";
			showEnvVarsInLog = 0;
		};
		F191FA691DE82B0089206FA9 /* [CP] Check Pods Manifest.lock */ = {
			isa = PBXShellScriptBuildPhase;
			buildActionMask = 2147483647;
			files = (
			);
			inputPaths = (
			);
			name = "[CP] Check Pods Manifest.lock";
			outputPaths = (
			);
			runOnlyForDeploymentPostprocessing = 0;
			shellPath = /bin/sh;
			shellScript = "diff \"${PODS_ROOT}/../Podfile.lock\" \"${PODS_ROOT}/Manifest.lock\" > /dev/null\nif [[ $? != 0 ]] ; then\n    cat << EOM\nerror: The sandbox is not in sync with the Podfile.lock. Run 'pod install' or update your CocoaPods installation.\nEOM\n    exit 1\nfi\n";
			showEnvVarsInLog = 0;
		};
/* End PBXShellScriptBuildPhase section */

/* Begin PBXSourcesBuildPhase section */
		8B77EBCB1D918BFB00ED066A /* Sources */ = {
			isa = PBXSourcesBuildPhase;
			buildActionMask = 2147483647;
			files = (
				8B1ED4811D92705900E64C99 /* UserInfoController.swift in Sources */,
				8B77EBFF1D91935200ED066A /* Users.swift in Sources */,
				8B77EC0D1D91A44100ED066A /* UsersCell.swift in Sources */,
				8B77EC011D91938800ED066A /* JSONDecodable.swift in Sources */,
				8B77EC111D91AD5900ED066A /* FiltersListController.swift in Sources */,
				8B77EC0B1D919EE400ED066A /* SearchFilterEnum.swift in Sources */,
				8B1ED47B1D92652E00E64C99 /* UserInfoTableViewController.swift in Sources */,
				8B77EC061D91957700ED066A /* UsersList.swift in Sources */,
				8B77EBDB1D918BFB00ED066A /* Tubora_UsersList.xcdatamodeld in Sources */,
				8B1ED47F1D9268A800E64C99 /* UserInfoCell.swift in Sources */,
				8B77EBD51D918BFB00ED066A /* UsersListViewController.swift in Sources */,
				8B77EC081D919AC500ED066A /* UsersListController.swift in Sources */,
				8B77EC0F1D91AB4200ED066A /* FiltersListViewController.swift in Sources */,
				8B77EBD31D918BFB00ED066A /* AppDelegate.swift in Sources */,
				8B1ED4791D91DF4600E64C99 /* SearchSectionHeaderView.swift in Sources */,
			);
			runOnlyForDeploymentPostprocessing = 0;
		};
		8B77EBE21D918BFB00ED066A /* Sources */ = {
			isa = PBXSourcesBuildPhase;
			buildActionMask = 2147483647;
			files = (
				8B77EBEB1D918BFB00ED066A /* Tubora_UsersListTests.swift in Sources */,
			);
			runOnlyForDeploymentPostprocessing = 0;
		};
/* End PBXSourcesBuildPhase section */

/* Begin PBXTargetDependency section */
		8B77EBE81D918BFB00ED066A /* PBXTargetDependency */ = {
			isa = PBXTargetDependency;
			target = 8B77EBCE1D918BFB00ED066A /* Tubora_UsersList */;
			targetProxy = 8B77EBE71D918BFB00ED066A /* PBXContainerItemProxy */;
		};
/* End PBXTargetDependency section */

/* Begin PBXVariantGroup section */
		8B77EBD61D918BFB00ED066A /* Main.storyboard */ = {
			isa = PBXVariantGroup;
			children = (
				8B77EBD71D918BFB00ED066A /* Base */,
			);
			name = Main.storyboard;
			sourceTree = "<group>";
		};
		8B77EBDE1D918BFB00ED066A /* LaunchScreen.storyboard */ = {
			isa = PBXVariantGroup;
			children = (
				8B77EBDF1D918BFB00ED066A /* Base */,
			);
			name = LaunchScreen.storyboard;
			sourceTree = "<group>";
		};
/* End PBXVariantGroup section */

/* Begin XCBuildConfiguration section */
		8B77EBED1D918BFB00ED066A /* Debug */ = {
			isa = XCBuildConfiguration;
			buildSettings = {
				ALWAYS_SEARCH_USER_PATHS = NO;
				CLANG_ANALYZER_NONNULL = YES;
				CLANG_CXX_LANGUAGE_STANDARD = "gnu++0x";
				CLANG_CXX_LIBRARY = "libc++";
				CLANG_ENABLE_MODULES = YES;
				CLANG_ENABLE_OBJC_ARC = YES;
				CLANG_WARN_BOOL_CONVERSION = YES;
				CLANG_WARN_CONSTANT_CONVERSION = YES;
				CLANG_WARN_DIRECT_OBJC_ISA_USAGE = YES_ERROR;
				CLANG_WARN_EMPTY_BODY = YES;
				CLANG_WARN_ENUM_CONVERSION = YES;
				CLANG_WARN_INT_CONVERSION = YES;
				CLANG_WARN_OBJC_ROOT_CLASS = YES_ERROR;
				CLANG_WARN_UNREACHABLE_CODE = YES;
				CLANG_WARN__DUPLICATE_METHOD_MATCH = YES;
				"CODE_SIGN_IDENTITY[sdk=iphoneos*]" = "iPhone Developer";
				COPY_PHASE_STRIP = NO;
				DEBUG_INFORMATION_FORMAT = dwarf;
				ENABLE_STRICT_OBJC_MSGSEND = YES;
				ENABLE_TESTABILITY = YES;
				GCC_C_LANGUAGE_STANDARD = gnu99;
				GCC_DYNAMIC_NO_PIC = NO;
				GCC_NO_COMMON_BLOCKS = YES;
				GCC_OPTIMIZATION_LEVEL = 0;
				GCC_PREPROCESSOR_DEFINITIONS = (
					"DEBUG=1",
					"$(inherited)",
				);
				GCC_WARN_64_TO_32_BIT_CONVERSION = YES;
				GCC_WARN_ABOUT_RETURN_TYPE = YES_ERROR;
				GCC_WARN_UNDECLARED_SELECTOR = YES;
				GCC_WARN_UNINITIALIZED_AUTOS = YES_AGGRESSIVE;
				GCC_WARN_UNUSED_FUNCTION = YES;
				GCC_WARN_UNUSED_VARIABLE = YES;
				IPHONEOS_DEPLOYMENT_TARGET = 9.3;
				MTL_ENABLE_DEBUG_INFO = YES;
				ONLY_ACTIVE_ARCH = YES;
				SDKROOT = iphoneos;
				SWIFT_OPTIMIZATION_LEVEL = "-Onone";
				TARGETED_DEVICE_FAMILY = "1,2";
			};
			name = Debug;
		};
		8B77EBEE1D918BFB00ED066A /* Release */ = {
			isa = XCBuildConfiguration;
			buildSettings = {
				ALWAYS_SEARCH_USER_PATHS = NO;
				CLANG_ANALYZER_NONNULL = YES;
				CLANG_CXX_LANGUAGE_STANDARD = "gnu++0x";
				CLANG_CXX_LIBRARY = "libc++";
				CLANG_ENABLE_MODULES = YES;
				CLANG_ENABLE_OBJC_ARC = YES;
				CLANG_WARN_BOOL_CONVERSION = YES;
				CLANG_WARN_CONSTANT_CONVERSION = YES;
				CLANG_WARN_DIRECT_OBJC_ISA_USAGE = YES_ERROR;
				CLANG_WARN_EMPTY_BODY = YES;
				CLANG_WARN_ENUM_CONVERSION = YES;
				CLANG_WARN_INT_CONVERSION = YES;
				CLANG_WARN_OBJC_ROOT_CLASS = YES_ERROR;
				CLANG_WARN_UNREACHABLE_CODE = YES;
				CLANG_WARN__DUPLICATE_METHOD_MATCH = YES;
				"CODE_SIGN_IDENTITY[sdk=iphoneos*]" = "iPhone Developer";
				COPY_PHASE_STRIP = NO;
				DEBUG_INFORMATION_FORMAT = "dwarf-with-dsym";
				ENABLE_NS_ASSERTIONS = NO;
				ENABLE_STRICT_OBJC_MSGSEND = YES;
				GCC_C_LANGUAGE_STANDARD = gnu99;
				GCC_NO_COMMON_BLOCKS = YES;
				GCC_WARN_64_TO_32_BIT_CONVERSION = YES;
				GCC_WARN_ABOUT_RETURN_TYPE = YES_ERROR;
				GCC_WARN_UNDECLARED_SELECTOR = YES;
				GCC_WARN_UNINITIALIZED_AUTOS = YES_AGGRESSIVE;
				GCC_WARN_UNUSED_FUNCTION = YES;
				GCC_WARN_UNUSED_VARIABLE = YES;
				IPHONEOS_DEPLOYMENT_TARGET = 9.3;
				MTL_ENABLE_DEBUG_INFO = NO;
				SDKROOT = iphoneos;
				TARGETED_DEVICE_FAMILY = "1,2";
				VALIDATE_PRODUCT = YES;
			};
			name = Release;
		};
		8B77EBF01D918BFB00ED066A /* Debug */ = {
			isa = XCBuildConfiguration;
			baseConfigurationReference = C185F585C405C04172AAF88F /* Pods-Tubora_UsersList.debug.xcconfig */;
			buildSettings = {
				ASSETCATALOG_COMPILER_APPICON_NAME = AppIcon;
				INFOPLIST_FILE = Tubora_UsersList/Info.plist;
				LD_RUNPATH_SEARCH_PATHS = "$(inherited) @executable_path/Frameworks";
				PRODUCT_BUNDLE_IDENTIFIER = "com.sandeep.Tubora-UsersList";
				PRODUCT_NAME = "$(TARGET_NAME)";
			};
			name = Debug;
		};
		8B77EBF11D918BFB00ED066A /* Release */ = {
			isa = XCBuildConfiguration;
			baseConfigurationReference = C9FF60E79A6BAD143422A401 /* Pods-Tubora_UsersList.release.xcconfig */;
			buildSettings = {
				ASSETCATALOG_COMPILER_APPICON_NAME = AppIcon;
				INFOPLIST_FILE = Tubora_UsersList/Info.plist;
				LD_RUNPATH_SEARCH_PATHS = "$(inherited) @executable_path/Frameworks";
				PRODUCT_BUNDLE_IDENTIFIER = "com.sandeep.Tubora-UsersList";
				PRODUCT_NAME = "$(TARGET_NAME)";
			};
			name = Release;
		};
		8B77EBF31D918BFB00ED066A /* Debug */ = {
			isa = XCBuildConfiguration;
			baseConfigurationReference = 47354A9E945E22359EF003F5 /* Pods-Tubora_UsersListTests.debug.xcconfig */;
			buildSettings = {
				BUNDLE_LOADER = "$(TEST_HOST)";
				INFOPLIST_FILE = Tubora_UsersListTests/Info.plist;
				LD_RUNPATH_SEARCH_PATHS = "$(inherited) @executable_path/Frameworks @loader_path/Frameworks";
				PRODUCT_BUNDLE_IDENTIFIER = "com.sandeep.Tubora-UsersListTests";
				PRODUCT_NAME = "$(TARGET_NAME)";
				TEST_HOST = "$(BUILT_PRODUCTS_DIR)/Tubora_UsersList.app/Tubora_UsersList";
			};
			name = Debug;
		};
		8B77EBF41D918BFB00ED066A /* Release */ = {
			isa = XCBuildConfiguration;
			baseConfigurationReference = B9E09B58A8F93B3417BDEA26 /* Pods-Tubora_UsersListTests.release.xcconfig */;
			buildSettings = {
				BUNDLE_LOADER = "$(TEST_HOST)";
				INFOPLIST_FILE = Tubora_UsersListTests/Info.plist;
				LD_RUNPATH_SEARCH_PATHS = "$(inherited) @executable_path/Frameworks @loader_path/Frameworks";
				PRODUCT_BUNDLE_IDENTIFIER = "com.sandeep.Tubora-UsersListTests";
				PRODUCT_NAME = "$(TARGET_NAME)";
				TEST_HOST = "$(BUILT_PRODUCTS_DIR)/Tubora_UsersList.app/Tubora_UsersList";
			};
			name = Release;
		};
/* End XCBuildConfiguration section */

/* Begin XCConfigurationList section */
		8B77EBCA1D918BFB00ED066A /* Build configuration list for PBXProject "Tubora_UsersList" */ = {
			isa = XCConfigurationList;
			buildConfigurations = (
				8B77EBED1D918BFB00ED066A /* Debug */,
				8B77EBEE1D918BFB00ED066A /* Release */,
			);
			defaultConfigurationIsVisible = 0;
			defaultConfigurationName = Release;
		};
		8B77EBEF1D918BFB00ED066A /* Build configuration list for PBXNativeTarget "Tubora_UsersList" */ = {
			isa = XCConfigurationList;
			buildConfigurations = (
				8B77EBF01D918BFB00ED066A /* Debug */,
				8B77EBF11D918BFB00ED066A /* Release */,
			);
			defaultConfigurationIsVisible = 0;
			defaultConfigurationName = Release;
		};
		8B77EBF21D918BFB00ED066A /* Build configuration list for PBXNativeTarget "Tubora_UsersListTests" */ = {
			isa = XCConfigurationList;
			buildConfigurations = (
				8B77EBF31D918BFB00ED066A /* Debug */,
				8B77EBF41D918BFB00ED066A /* Release */,
			);
			defaultConfigurationIsVisible = 0;
			defaultConfigurationName = Release;
		};
/* End XCConfigurationList section */

/* Begin XCVersionGroup section */
		8B77EBD91D918BFB00ED066A /* Tubora_UsersList.xcdatamodeld */ = {
			isa = XCVersionGroup;
			children = (
				8B77EBDA1D918BFB00ED066A /* Tubora_UsersList.xcdatamodel */,
			);
			currentVersion = 8B77EBDA1D918BFB00ED066A /* Tubora_UsersList.xcdatamodel */;
			path = Tubora_UsersList.xcdatamodeld;
			sourceTree = "<group>";
			versionGroupType = wrapper.xcdatamodel;
		};
/* End XCVersionGroup section */
	};
	rootObject = 8B77EBC71D918BFB00ED066A /* Project object */;
}
